
Microsoft Visual Studio Solution File, Format Version 12.00
# Visual Studio Version 17
VisualStudioVersion = 17.3.32811.315
MinimumVisualStudioVersion = 10.0.40219.1
Project("{FAE04EC0-301F-11D3-BF4B-00C04F79EFBC}") = "Pola(Fields)", "Pola(Fields).csproj", "{E6EFC20D-E03D-4EE2-9855-605E4CEB170C}"
EndProject
Global
	GlobalSection(SolutionConfigurationPlatforms) = preSolution
		Debug|Any CPU = Debug|Any CPU
		Release|Any CPU = Release|Any CPU
	EndGlobalSection
	GlobalSection(ProjectConfigurationPlatforms) = postSolution
		{E6EFC20D-E03D-4EE2-9855-605E4CEB170C}.Debug|Any CPU.ActiveCfg = Debug|Any CPU
		{E6EFC20D-E03D-4EE2-9855-605E4CEB170C}.Debug|Any CPU.Build.0 = Debug|Any CPU
		{E6EFC20D-E03D-4EE2-9855-605E4CEB170C}.Release|Any CPU.ActiveCfg = Release|Any CPU
		{E6EFC20D-E03D-4EE2-9855-605E4CEB170C}.Release|Any CPU.Build.0 = Release|Any CPU
	EndGlobalSection
	GlobalSection(SolutionProperties) = preSolution
		HideSolutionNode = FALSE
	EndGlobalSection
	GlobalSection(ExtensibilityGlobals) = postSolution
		SolutionGuid = {07870EB7-EBB9-405A-B6CD-D28EAFB034C5}
	EndGlobalSection
EndGlobal
