
Microsoft Visual Studio Solution File, Format Version 12.00
# Visual Studio Version 17
VisualStudioVersion = 17.3.32901.215
MinimumVisualStudioVersion = 10.0.40219.1
Project("{FAE04EC0-301F-11D3-BF4B-00C04F79EFBC}") = "Interfaces and Polymorphism", "Interfaces and Polymorphism.csproj", "{7B8B0D6A-D2F9-4485-BC39-C77C05FDEE76}"
EndProject
Global
	GlobalSection(SolutionConfigurationPlatforms) = preSolution
		Debug|Any CPU = Debug|Any CPU
		Release|Any CPU = Release|Any CPU
	EndGlobalSection
	GlobalSection(ProjectConfigurationPlatforms) = postSolution
		{7B8B0D6A-D2F9-4485-BC39-C77C05FDEE76}.Debug|Any CPU.ActiveCfg = Debug|Any CPU
		{7B8B0D6A-D2F9-4485-BC39-C77C05FDEE76}.Debug|Any CPU.Build.0 = Debug|Any CPU
		{7B8B0D6A-D2F9-4485-BC39-C77C05FDEE76}.Release|Any CPU.ActiveCfg = Release|Any CPU
		{7B8B0D6A-D2F9-4485-BC39-C77C05FDEE76}.Release|Any CPU.Build.0 = Release|Any CPU
	EndGlobalSection
	GlobalSection(SolutionProperties) = preSolution
		HideSolutionNode = FALSE
	EndGlobalSection
	GlobalSection(ExtensibilityGlobals) = postSolution
		SolutionGuid = {03006599-C847-4C45-8C04-006A7BEBD407}
	EndGlobalSection
EndGlobal
