
Microsoft Visual Studio Solution File, Format Version 12.00
# Visual Studio Version 17
VisualStudioVersion = 17.3.32901.215
MinimumVisualStudioVersion = 10.0.40219.1
Project("{FAE04EC0-301F-11D3-BF4B-00C04F79EFBC}") = "Interfaces are NOT for Multiple Inheritance", "Interfaces are NOT for Multiple Inheritance.csproj", "{3184D1B5-1F6C-48F5-94E9-DD1095352F1B}"
EndProject
Global
	GlobalSection(SolutionConfigurationPlatforms) = preSolution
		Debug|Any CPU = Debug|Any CPU
		Release|Any CPU = Release|Any CPU
	EndGlobalSection
	GlobalSection(ProjectConfigurationPlatforms) = postSolution
		{3184D1B5-1F6C-48F5-94E9-DD1095352F1B}.Debug|Any CPU.ActiveCfg = Debug|Any CPU
		{3184D1B5-1F6C-48F5-94E9-DD1095352F1B}.Debug|Any CPU.Build.0 = Debug|Any CPU
		{3184D1B5-1F6C-48F5-94E9-DD1095352F1B}.Release|Any CPU.ActiveCfg = Release|Any CPU
		{3184D1B5-1F6C-48F5-94E9-DD1095352F1B}.Release|Any CPU.Build.0 = Release|Any CPU
	EndGlobalSection
	GlobalSection(SolutionProperties) = preSolution
		HideSolutionNode = FALSE
	EndGlobalSection
	GlobalSection(ExtensibilityGlobals) = postSolution
		SolutionGuid = {FA4D26D5-6950-463C-9062-E011007E0EA2}
	EndGlobalSection
EndGlobal
